
Microsoft Visual Studio Solution File, Format Version 12.00
# Visual Studio Version 16
VisualStudioVersion = 16.0.30907.101
MinimumVisualStudioVersion = 10.0.40219.1
Project("{FAE04EC0-301F-11D3-BF4B-00C04F79EFBC}") = "TestDocnet", "TestDocnet.csproj", "{86602C2B-4D11-4242-9131-BF001C6719F5}"
EndProject
Project("{9A19103F-16F7-4668-BE54-9A1E7A4F7556}") = "Docnet.Core", "..\docnet-2.3.0-alpha.1\src\Docnet.Core\Docnet.Core.csproj", "{72E73495-846B-4C52-A500-927D686BFAA6}"
EndProject
Project("{FAE04EC0-301F-11D3-BF4B-00C04F79EFBC}") = "LoadSo", "..\LoadSo\LoadSo.csproj", "{B2EE4EBC-B335-4775-BB3C-B2DDFD73FFC0}"
EndProject
Project("{FAE04EC0-301F-11D3-BF4B-00C04F79EFBC}") = "PdfiumNativeBindClassLibrary", "..\PdfiumNativeBindClassLibrary\PdfiumNativeBindClassLibrary.csproj", "{94BD3DA9-6E91-4A0A-991E-D288293B1FAC}"
EndProject
Global
	GlobalSection(SolutionConfigurationPlatforms) = preSolution
		Debug|Any CPU = Debug|Any CPU
		Release|Any CPU = Release|Any CPU
	EndGlobalSection
	GlobalSection(ProjectConfigurationPlatforms) = postSolution
		{86602C2B-4D11-4242-9131-BF001C6719F5}.Debug|Any CPU.ActiveCfg = Debug|Any CPU
		{86602C2B-4D11-4242-9131-BF001C6719F5}.Debug|Any CPU.Build.0 = Debug|Any CPU
		{86602C2B-4D11-4242-9131-BF001C6719F5}.Debug|Any CPU.Deploy.0 = Debug|Any CPU
		{86602C2B-4D11-4242-9131-BF001C6719F5}.Release|Any CPU.ActiveCfg = Release|Any CPU
		{86602C2B-4D11-4242-9131-BF001C6719F5}.Release|Any CPU.Build.0 = Release|Any CPU
		{86602C2B-4D11-4242-9131-BF001C6719F5}.Release|Any CPU.Deploy.0 = Release|Any CPU
		{72E73495-846B-4C52-A500-927D686BFAA6}.Debug|Any CPU.ActiveCfg = Debug|Any CPU
		{72E73495-846B-4C52-A500-927D686BFAA6}.Debug|Any CPU.Build.0 = Debug|Any CPU
		{72E73495-846B-4C52-A500-927D686BFAA6}.Release|Any CPU.ActiveCfg = Release|Any CPU
		{72E73495-846B-4C52-A500-927D686BFAA6}.Release|Any CPU.Build.0 = Release|Any CPU
		{B2EE4EBC-B335-4775-BB3C-B2DDFD73FFC0}.Debug|Any CPU.ActiveCfg = Debug|Any CPU
		{B2EE4EBC-B335-4775-BB3C-B2DDFD73FFC0}.Debug|Any CPU.Build.0 = Debug|Any CPU
		{B2EE4EBC-B335-4775-BB3C-B2DDFD73FFC0}.Release|Any CPU.ActiveCfg = Release|Any CPU
		{B2EE4EBC-B335-4775-BB3C-B2DDFD73FFC0}.Release|Any CPU.Build.0 = Release|Any CPU
		{94BD3DA9-6E91-4A0A-991E-D288293B1FAC}.Debug|Any CPU.ActiveCfg = Debug|Any CPU
		{94BD3DA9-6E91-4A0A-991E-D288293B1FAC}.Debug|Any CPU.Build.0 = Debug|Any CPU
		{94BD3DA9-6E91-4A0A-991E-D288293B1FAC}.Release|Any CPU.ActiveCfg = Release|Any CPU
		{94BD3DA9-6E91-4A0A-991E-D288293B1FAC}.Release|Any CPU.Build.0 = Release|Any CPU
	EndGlobalSection
	GlobalSection(SolutionProperties) = preSolution
		HideSolutionNode = FALSE
	EndGlobalSection
	GlobalSection(ExtensibilityGlobals) = postSolution
		SolutionGuid = {256DCDD8-E95B-42C4-90A2-1F528E0C8317}
	EndGlobalSection
EndGlobal
