
Microsoft Visual Studio Solution File, Format Version 12.00
# Visual Studio Version 17
VisualStudioVersion = 17.1.32104.313
MinimumVisualStudioVersion = 10.0.40219.1
Project("{FAE04EC0-301F-11D3-BF4B-00C04F79EFBC}") = "Docnet.iOS.Native", "Docnet.iOS.Native\Docnet.iOS.Native.csproj", "{F1588FE2-74BE-410C-8A19-5EC795A745A4}"
EndProject
Project("{FAE04EC0-301F-11D3-BF4B-00C04F79EFBC}") = "Docnet.Droid.Native", "Docnet.Droid.Native\Docnet.Droid.Native.csproj", "{94BD3DA9-6E91-4A0A-991E-D288293B1FAC}"
EndProject
Project("{FAE04EC0-301F-11D3-BF4B-00C04F79EFBC}") = "Docnet.Droid.Test", "Docnet.Droid.Test\Docnet.Droid.Test.csproj", "{86602C2B-4D11-4242-9131-BF001C6719F5}"
EndProject
Project("{D954291E-2A0B-460D-934E-DC6B0785DB48}") = "Docnet.Core", "Docnet.Core\Docnet.Core.shproj", "{F7A7173B-0D2C-4D26-9B9C-9B8DF80B0D10}"
EndProject
Project("{FAE04EC0-301F-11D3-BF4B-00C04F79EFBC}") = "Docnet.iOS.Test", "Docnet.iOS.Test\Docnet.iOS.Test.csproj", "{82AAA326-AA11-4D90-B3A3-AFD153119FF0}"
EndProject
Project("{D954291E-2A0B-460D-934E-DC6B0785DB48}") = "Docnet.Core.NativeApi.PDFiumCore", "Docnet.Core.NativeApi.PDFiumCore\Docnet.Core.NativeApi.PDFiumCore.shproj", "{284FE3BF-AB8C-4BFF-A662-5727D395D6A0}"
EndProject
Global
	GlobalSection(SharedMSBuildProjectFiles) = preSolution
		Docnet.Core.NativeApi.PDFiumCore\Docnet.Core.NativeApi.PDFiumCore.projitems*{284fe3bf-ab8c-4bff-a662-5727d395d6a0}*SharedItemsImports = 13
		Docnet.Core\Docnet.Core.projitems*{94bd3da9-6e91-4a0a-991e-d288293b1fac}*SharedItemsImports = 4
		Docnet.Core.NativeApi.PDFiumCore\Docnet.Core.NativeApi.PDFiumCore.projitems*{f1588fe2-74be-410c-8a19-5ec795a745a4}*SharedItemsImports = 4
		Docnet.Core\Docnet.Core.projitems*{f1588fe2-74be-410c-8a19-5ec795a745a4}*SharedItemsImports = 4
		Docnet.Core\Docnet.Core.projitems*{f7a7173b-0d2c-4d26-9b9c-9b8df80b0d10}*SharedItemsImports = 13
	EndGlobalSection
	GlobalSection(SolutionConfigurationPlatforms) = preSolution
		Debug|Any CPU = Debug|Any CPU
		Debug|ARM = Debug|ARM
		Debug|ARM64 = Debug|ARM64
		Debug|iPhone = Debug|iPhone
		Debug|iPhoneSimulator = Debug|iPhoneSimulator
		Debug|x64 = Debug|x64
		Debug|x86 = Debug|x86
		Release|Any CPU = Release|Any CPU
		Release|ARM = Release|ARM
		Release|ARM64 = Release|ARM64
		Release|iPhone = Release|iPhone
		Release|iPhoneSimulator = Release|iPhoneSimulator
		Release|x64 = Release|x64
		Release|x86 = Release|x86
	EndGlobalSection
	GlobalSection(ProjectConfigurationPlatforms) = postSolution
		{F1588FE2-74BE-410C-8A19-5EC795A745A4}.Debug|Any CPU.ActiveCfg = Debug|Any CPU
		{F1588FE2-74BE-410C-8A19-5EC795A745A4}.Debug|Any CPU.Build.0 = Debug|Any CPU
		{F1588FE2-74BE-410C-8A19-5EC795A745A4}.Debug|ARM.ActiveCfg = Debug|Any CPU
		{F1588FE2-74BE-410C-8A19-5EC795A745A4}.Debug|ARM.Build.0 = Debug|Any CPU
		{F1588FE2-74BE-410C-8A19-5EC795A745A4}.Debug|ARM64.ActiveCfg = Debug|Any CPU
		{F1588FE2-74BE-410C-8A19-5EC795A745A4}.Debug|ARM64.Build.0 = Debug|Any CPU
		{F1588FE2-74BE-410C-8A19-5EC795A745A4}.Debug|iPhone.ActiveCfg = Debug|Any CPU
		{F1588FE2-74BE-410C-8A19-5EC795A745A4}.Debug|iPhone.Build.0 = Debug|Any CPU
		{F1588FE2-74BE-410C-8A19-5EC795A745A4}.Debug|iPhoneSimulator.ActiveCfg = Debug|Any CPU
		{F1588FE2-74BE-410C-8A19-5EC795A745A4}.Debug|iPhoneSimulator.Build.0 = Debug|Any CPU
		{F1588FE2-74BE-410C-8A19-5EC795A745A4}.Debug|x64.ActiveCfg = Debug|Any CPU
		{F1588FE2-74BE-410C-8A19-5EC795A745A4}.Debug|x64.Build.0 = Debug|Any CPU
		{F1588FE2-74BE-410C-8A19-5EC795A745A4}.Debug|x86.ActiveCfg = Debug|Any CPU
		{F1588FE2-74BE-410C-8A19-5EC795A745A4}.Debug|x86.Build.0 = Debug|Any CPU
		{F1588FE2-74BE-410C-8A19-5EC795A745A4}.Release|Any CPU.ActiveCfg = Release|Any CPU
		{F1588FE2-74BE-410C-8A19-5EC795A745A4}.Release|Any CPU.Build.0 = Release|Any CPU
		{F1588FE2-74BE-410C-8A19-5EC795A745A4}.Release|ARM.ActiveCfg = Release|Any CPU
		{F1588FE2-74BE-410C-8A19-5EC795A745A4}.Release|ARM.Build.0 = Release|Any CPU
		{F1588FE2-74BE-410C-8A19-5EC795A745A4}.Release|ARM64.ActiveCfg = Release|Any CPU
		{F1588FE2-74BE-410C-8A19-5EC795A745A4}.Release|ARM64.Build.0 = Release|Any CPU
		{F1588FE2-74BE-410C-8A19-5EC795A745A4}.Release|iPhone.ActiveCfg = Release|Any CPU
		{F1588FE2-74BE-410C-8A19-5EC795A745A4}.Release|iPhone.Build.0 = Release|Any CPU
		{F1588FE2-74BE-410C-8A19-5EC795A745A4}.Release|iPhoneSimulator.ActiveCfg = Release|Any CPU
		{F1588FE2-74BE-410C-8A19-5EC795A745A4}.Release|iPhoneSimulator.Build.0 = Release|Any CPU
		{F1588FE2-74BE-410C-8A19-5EC795A745A4}.Release|x64.ActiveCfg = Release|Any CPU
		{F1588FE2-74BE-410C-8A19-5EC795A745A4}.Release|x64.Build.0 = Release|Any CPU
		{F1588FE2-74BE-410C-8A19-5EC795A745A4}.Release|x86.ActiveCfg = Release|Any CPU
		{F1588FE2-74BE-410C-8A19-5EC795A745A4}.Release|x86.Build.0 = Release|Any CPU
		{94BD3DA9-6E91-4A0A-991E-D288293B1FAC}.Debug|Any CPU.ActiveCfg = Debug|Any CPU
		{94BD3DA9-6E91-4A0A-991E-D288293B1FAC}.Debug|Any CPU.Build.0 = Debug|Any CPU
		{94BD3DA9-6E91-4A0A-991E-D288293B1FAC}.Debug|ARM.ActiveCfg = Debug|Any CPU
		{94BD3DA9-6E91-4A0A-991E-D288293B1FAC}.Debug|ARM.Build.0 = Debug|Any CPU
		{94BD3DA9-6E91-4A0A-991E-D288293B1FAC}.Debug|ARM64.ActiveCfg = Debug|Any CPU
		{94BD3DA9-6E91-4A0A-991E-D288293B1FAC}.Debug|ARM64.Build.0 = Debug|Any CPU
		{94BD3DA9-6E91-4A0A-991E-D288293B1FAC}.Debug|iPhone.ActiveCfg = Debug|Any CPU
		{94BD3DA9-6E91-4A0A-991E-D288293B1FAC}.Debug|iPhone.Build.0 = Debug|Any CPU
		{94BD3DA9-6E91-4A0A-991E-D288293B1FAC}.Debug|iPhoneSimulator.ActiveCfg = Debug|Any CPU
		{94BD3DA9-6E91-4A0A-991E-D288293B1FAC}.Debug|iPhoneSimulator.Build.0 = Debug|Any CPU
		{94BD3DA9-6E91-4A0A-991E-D288293B1FAC}.Debug|x64.ActiveCfg = Debug|Any CPU
		{94BD3DA9-6E91-4A0A-991E-D288293B1FAC}.Debug|x64.Build.0 = Debug|Any CPU
		{94BD3DA9-6E91-4A0A-991E-D288293B1FAC}.Debug|x86.ActiveCfg = Debug|Any CPU
		{94BD3DA9-6E91-4A0A-991E-D288293B1FAC}.Debug|x86.Build.0 = Debug|Any CPU
		{94BD3DA9-6E91-4A0A-991E-D288293B1FAC}.Release|Any CPU.ActiveCfg = Release|Any CPU
		{94BD3DA9-6E91-4A0A-991E-D288293B1FAC}.Release|Any CPU.Build.0 = Release|Any CPU
		{94BD3DA9-6E91-4A0A-991E-D288293B1FAC}.Release|ARM.ActiveCfg = Release|Any CPU
		{94BD3DA9-6E91-4A0A-991E-D288293B1FAC}.Release|ARM.Build.0 = Release|Any CPU
		{94BD3DA9-6E91-4A0A-991E-D288293B1FAC}.Release|ARM64.ActiveCfg = Release|Any CPU
		{94BD3DA9-6E91-4A0A-991E-D288293B1FAC}.Release|ARM64.Build.0 = Release|Any CPU
		{94BD3DA9-6E91-4A0A-991E-D288293B1FAC}.Release|iPhone.ActiveCfg = Release|Any CPU
		{94BD3DA9-6E91-4A0A-991E-D288293B1FAC}.Release|iPhone.Build.0 = Release|Any CPU
		{94BD3DA9-6E91-4A0A-991E-D288293B1FAC}.Release|iPhoneSimulator.ActiveCfg = Release|Any CPU
		{94BD3DA9-6E91-4A0A-991E-D288293B1FAC}.Release|iPhoneSimulator.Build.0 = Release|Any CPU
		{94BD3DA9-6E91-4A0A-991E-D288293B1FAC}.Release|x64.ActiveCfg = Release|Any CPU
		{94BD3DA9-6E91-4A0A-991E-D288293B1FAC}.Release|x64.Build.0 = Release|Any CPU
		{94BD3DA9-6E91-4A0A-991E-D288293B1FAC}.Release|x86.ActiveCfg = Release|Any CPU
		{94BD3DA9-6E91-4A0A-991E-D288293B1FAC}.Release|x86.Build.0 = Release|Any CPU
		{86602C2B-4D11-4242-9131-BF001C6719F5}.Debug|Any CPU.ActiveCfg = Debug|Any CPU
		{86602C2B-4D11-4242-9131-BF001C6719F5}.Debug|Any CPU.Build.0 = Debug|Any CPU
		{86602C2B-4D11-4242-9131-BF001C6719F5}.Debug|Any CPU.Deploy.0 = Debug|Any CPU
		{86602C2B-4D11-4242-9131-BF001C6719F5}.Debug|ARM.ActiveCfg = Debug|Any CPU
		{86602C2B-4D11-4242-9131-BF001C6719F5}.Debug|ARM.Build.0 = Debug|Any CPU
		{86602C2B-4D11-4242-9131-BF001C6719F5}.Debug|ARM.Deploy.0 = Debug|Any CPU
		{86602C2B-4D11-4242-9131-BF001C6719F5}.Debug|ARM64.ActiveCfg = Debug|Any CPU
		{86602C2B-4D11-4242-9131-BF001C6719F5}.Debug|ARM64.Build.0 = Debug|Any CPU
		{86602C2B-4D11-4242-9131-BF001C6719F5}.Debug|ARM64.Deploy.0 = Debug|Any CPU
		{86602C2B-4D11-4242-9131-BF001C6719F5}.Debug|iPhone.ActiveCfg = Debug|Any CPU
		{86602C2B-4D11-4242-9131-BF001C6719F5}.Debug|iPhone.Build.0 = Debug|Any CPU
		{86602C2B-4D11-4242-9131-BF001C6719F5}.Debug|iPhone.Deploy.0 = Debug|Any CPU
		{86602C2B-4D11-4242-9131-BF001C6719F5}.Debug|iPhoneSimulator.ActiveCfg = Debug|Any CPU
		{86602C2B-4D11-4242-9131-BF001C6719F5}.Debug|iPhoneSimulator.Build.0 = Debug|Any CPU
		{86602C2B-4D11-4242-9131-BF001C6719F5}.Debug|iPhoneSimulator.Deploy.0 = Debug|Any CPU
		{86602C2B-4D11-4242-9131-BF001C6719F5}.Debug|x64.ActiveCfg = Debug|Any CPU
		{86602C2B-4D11-4242-9131-BF001C6719F5}.Debug|x64.Build.0 = Debug|Any CPU
		{86602C2B-4D11-4242-9131-BF001C6719F5}.Debug|x64.Deploy.0 = Debug|Any CPU
		{86602C2B-4D11-4242-9131-BF001C6719F5}.Debug|x86.ActiveCfg = Debug|Any CPU
		{86602C2B-4D11-4242-9131-BF001C6719F5}.Debug|x86.Build.0 = Debug|Any CPU
		{86602C2B-4D11-4242-9131-BF001C6719F5}.Debug|x86.Deploy.0 = Debug|Any CPU
		{86602C2B-4D11-4242-9131-BF001C6719F5}.Release|Any CPU.ActiveCfg = Release|Any CPU
		{86602C2B-4D11-4242-9131-BF001C6719F5}.Release|Any CPU.Build.0 = Release|Any CPU
		{86602C2B-4D11-4242-9131-BF001C6719F5}.Release|Any CPU.Deploy.0 = Release|Any CPU
		{86602C2B-4D11-4242-9131-BF001C6719F5}.Release|ARM.ActiveCfg = Release|Any CPU
		{86602C2B-4D11-4242-9131-BF001C6719F5}.Release|ARM.Build.0 = Release|Any CPU
		{86602C2B-4D11-4242-9131-BF001C6719F5}.Release|ARM.Deploy.0 = Release|Any CPU
		{86602C2B-4D11-4242-9131-BF001C6719F5}.Release|ARM64.ActiveCfg = Release|Any CPU
		{86602C2B-4D11-4242-9131-BF001C6719F5}.Release|ARM64.Build.0 = Release|Any CPU
		{86602C2B-4D11-4242-9131-BF001C6719F5}.Release|ARM64.Deploy.0 = Release|Any CPU
		{86602C2B-4D11-4242-9131-BF001C6719F5}.Release|iPhone.ActiveCfg = Release|Any CPU
		{86602C2B-4D11-4242-9131-BF001C6719F5}.Release|iPhone.Build.0 = Release|Any CPU
		{86602C2B-4D11-4242-9131-BF001C6719F5}.Release|iPhone.Deploy.0 = Release|Any CPU
		{86602C2B-4D11-4242-9131-BF001C6719F5}.Release|iPhoneSimulator.ActiveCfg = Release|Any CPU
		{86602C2B-4D11-4242-9131-BF001C6719F5}.Release|iPhoneSimulator.Build.0 = Release|Any CPU
		{86602C2B-4D11-4242-9131-BF001C6719F5}.Release|iPhoneSimulator.Deploy.0 = Release|Any CPU
		{86602C2B-4D11-4242-9131-BF001C6719F5}.Release|x64.ActiveCfg = Release|Any CPU
		{86602C2B-4D11-4242-9131-BF001C6719F5}.Release|x64.Build.0 = Release|Any CPU
		{86602C2B-4D11-4242-9131-BF001C6719F5}.Release|x64.Deploy.0 = Release|Any CPU
		{86602C2B-4D11-4242-9131-BF001C6719F5}.Release|x86.ActiveCfg = Release|Any CPU
		{86602C2B-4D11-4242-9131-BF001C6719F5}.Release|x86.Build.0 = Release|Any CPU
		{86602C2B-4D11-4242-9131-BF001C6719F5}.Release|x86.Deploy.0 = Release|Any CPU
		{82AAA326-AA11-4D90-B3A3-AFD153119FF0}.Debug|Any CPU.ActiveCfg = Debug|iPhoneSimulator
		{82AAA326-AA11-4D90-B3A3-AFD153119FF0}.Debug|Any CPU.Build.0 = Debug|iPhoneSimulator
		{82AAA326-AA11-4D90-B3A3-AFD153119FF0}.Debug|ARM.ActiveCfg = Debug|iPhoneSimulator
		{82AAA326-AA11-4D90-B3A3-AFD153119FF0}.Debug|ARM.Build.0 = Debug|iPhoneSimulator
		{82AAA326-AA11-4D90-B3A3-AFD153119FF0}.Debug|ARM64.ActiveCfg = Debug|iPhoneSimulator
		{82AAA326-AA11-4D90-B3A3-AFD153119FF0}.Debug|ARM64.Build.0 = Debug|iPhoneSimulator
		{82AAA326-AA11-4D90-B3A3-AFD153119FF0}.Debug|iPhone.ActiveCfg = Debug|iPhone
		{82AAA326-AA11-4D90-B3A3-AFD153119FF0}.Debug|iPhone.Build.0 = Debug|iPhone
		{82AAA326-AA11-4D90-B3A3-AFD153119FF0}.Debug|iPhone.Deploy.0 = Debug|iPhone
		{82AAA326-AA11-4D90-B3A3-AFD153119FF0}.Debug|iPhoneSimulator.ActiveCfg = Debug|iPhoneSimulator
		{82AAA326-AA11-4D90-B3A3-AFD153119FF0}.Debug|iPhoneSimulator.Build.0 = Debug|iPhoneSimulator
		{82AAA326-AA11-4D90-B3A3-AFD153119FF0}.Debug|x64.ActiveCfg = Debug|iPhoneSimulator
		{82AAA326-AA11-4D90-B3A3-AFD153119FF0}.Debug|x64.Build.0 = Debug|iPhoneSimulator
		{82AAA326-AA11-4D90-B3A3-AFD153119FF0}.Debug|x86.ActiveCfg = Debug|iPhoneSimulator
		{82AAA326-AA11-4D90-B3A3-AFD153119FF0}.Debug|x86.Build.0 = Debug|iPhoneSimulator
		{82AAA326-AA11-4D90-B3A3-AFD153119FF0}.Release|Any CPU.ActiveCfg = Release|iPhoneSimulator
		{82AAA326-AA11-4D90-B3A3-AFD153119FF0}.Release|Any CPU.Build.0 = Release|iPhoneSimulator
		{82AAA326-AA11-4D90-B3A3-AFD153119FF0}.Release|ARM.ActiveCfg = Release|iPhoneSimulator
		{82AAA326-AA11-4D90-B3A3-AFD153119FF0}.Release|ARM.Build.0 = Release|iPhoneSimulator
		{82AAA326-AA11-4D90-B3A3-AFD153119FF0}.Release|ARM64.ActiveCfg = Release|iPhoneSimulator
		{82AAA326-AA11-4D90-B3A3-AFD153119FF0}.Release|ARM64.Build.0 = Release|iPhoneSimulator
		{82AAA326-AA11-4D90-B3A3-AFD153119FF0}.Release|iPhone.ActiveCfg = Release|iPhone
		{82AAA326-AA11-4D90-B3A3-AFD153119FF0}.Release|iPhone.Build.0 = Release|iPhone
		{82AAA326-AA11-4D90-B3A3-AFD153119FF0}.Release|iPhone.Deploy.0 = Release|iPhone
		{82AAA326-AA11-4D90-B3A3-AFD153119FF0}.Release|iPhoneSimulator.ActiveCfg = Release|iPhoneSimulator
		{82AAA326-AA11-4D90-B3A3-AFD153119FF0}.Release|iPhoneSimulator.Build.0 = Release|iPhoneSimulator
		{82AAA326-AA11-4D90-B3A3-AFD153119FF0}.Release|iPhoneSimulator.Deploy.0 = Release|iPhoneSimulator
		{82AAA326-AA11-4D90-B3A3-AFD153119FF0}.Release|x64.ActiveCfg = Release|iPhoneSimulator
		{82AAA326-AA11-4D90-B3A3-AFD153119FF0}.Release|x64.Build.0 = Release|iPhoneSimulator
		{82AAA326-AA11-4D90-B3A3-AFD153119FF0}.Release|x86.ActiveCfg = Release|iPhoneSimulator
		{82AAA326-AA11-4D90-B3A3-AFD153119FF0}.Release|x86.Build.0 = Release|iPhoneSimulator
	EndGlobalSection
	GlobalSection(SolutionProperties) = preSolution
		HideSolutionNode = FALSE
	EndGlobalSection
	GlobalSection(ExtensibilityGlobals) = postSolution
		SolutionGuid = {256DCDD8-E95B-42C4-90A2-1F528E0C8317}
	EndGlobalSection
EndGlobal
